// !$*UTF8*$!
{
	archiveVersion = 1;
	classes = {
	};
	objectVersion = 56;
	objects = {

/* Begin PBXBuildFile section */
		586389452CA975E4005DD20E /* PresentMeApp.swift in Sources */ = {isa = PBXBuildFile; fileRef = 586389442CA975E4005DD20E /* PresentMeApp.swift */; };
		586389472CA975E4005DD20E /* ContentView.swift in Sources */ = {isa = PBXBuildFile; fileRef = 586389462CA975E4005DD20E /* ContentView.swift */; };
		586389492CA975E5005DD20E /* Assets.xcassets in Resources */ = {isa = PBXBuildFile; fileRef = 586389482CA975E5005DD20E /* Assets.xcassets */; };
		5863894C2CA975E5005DD20E /* Preview Assets.xcassets in Resources */ = {isa = PBXBuildFile; fileRef = 5863894B2CA975E5005DD20E /* Preview Assets.xcassets */; };
		586389562CA975E5005DD20E /* PresentMeTests.swift in Sources */ = {isa = PBXBuildFile; fileRef = 586389552CA975E5005DD20E /* PresentMeTests.swift */; };
		586389602CA975E5005DD20E /* PresentMeUITests.swift in Sources */ = {isa = PBXBuildFile; fileRef = 5863895F2CA975E5005DD20E /* PresentMeUITests.swift */; };
		586389622CA975E5005DD20E /* PresentMeUITestsLaunchTests.swift in Sources */ = {isa = PBXBuildFile; fileRef = 586389612CA975E5005DD20E /* PresentMeUITestsLaunchTests.swift */; };
		5863896F2CA9769F005DD20E /* Maha.swift in Sources */ = {isa = PBXBuildFile; fileRef = 5863896E2CA9769F005DD20E /* Maha.swift */; };
		586389712CA976B7005DD20E /* Wala.swift in Sources */ = {isa = PBXBuildFile; fileRef = 586389702CA976B7005DD20E /* Wala.swift */; };
		586389732CA976C9005DD20E /* Sumayah.swift in Sources */ = {isa = PBXBuildFile; fileRef = 586389722CA976C9005DD20E /* Sumayah.swift */; };
		586389752CA976DF005DD20E /* Alanoud.swift in Sources */ = {isa = PBXBuildFile; fileRef = 586389742CA976DF005DD20E /* Alanoud.swift */; };
/* End PBXBuildFile section */

/* Begin PBXContainerItemProxy section */
		586389522CA975E5005DD20E /* PBXContainerItemProxy */ = {
			isa = PBXContainerItemProxy;
			containerPortal = 586389392CA975E3005DD20E /* Project object */;
			proxyType = 1;
			remoteGlobalIDString = 586389402CA975E4005DD20E;
			remoteInfo = PresentMe;
		};
		5863895C2CA975E5005DD20E /* PBXContainerItemProxy */ = {
			isa = PBXContainerItemProxy;
			containerPortal = 586389392CA975E3005DD20E /* Project object */;
			proxyType = 1;
			remoteGlobalIDString = 586389402CA975E4005DD20E;
			remoteInfo = PresentMe;
		};
/* End PBXContainerItemProxy section */

/* Begin PBXFileReference section */
		586389412CA975E4005DD20E /* PresentMe.app */ = {isa = PBXFileReference; explicitFileType = wrapper.application; includeInIndex = 0; path = PresentMe.app; sourceTree = BUILT_PRODUCTS_DIR; };
		586389442CA975E4005DD20E /* PresentMeApp.swift */ = {isa = PBXFileReference; lastKnownFileType = sourcecode.swift; path = PresentMeApp.swift; sourceTree = "<group>"; };
		586389462CA975E4005DD20E /* ContentView.swift */ = {isa = PBXFileReference; lastKnownFileType = sourcecode.swift; path = ContentView.swift; sourceTree = "<group>"; };
		586389482CA975E5005DD20E /* Assets.xcassets */ = {isa = PBXFileReference; lastKnownFileType = folder.assetcatalog; path = Assets.xcassets; sourceTree = "<group>"; };
		5863894B2CA975E5005DD20E /* Preview Assets.xcassets */ = {isa = PBXFileReference; lastKnownFileType = folder.assetcatalog; path = "Preview Assets.xcassets"; sourceTree = "<group>"; };
		586389512CA975E5005DD20E /* PresentMeTests.xctest */ = {isa = PBXFileReference; explicitFileType = wrapper.cfbundle; includeInIndex = 0; path = PresentMeTests.xctest; sourceTree = BUILT_PRODUCTS_DIR; };
		586389552CA975E5005DD20E /* PresentMeTests.swift */ = {isa = PBXFileReference; lastKnownFileType = sourcecode.swift; path = PresentMeTests.swift; sourceTree = "<group>"; };
		5863895B2CA975E5005DD20E /* PresentMeUITests.xctest */ = {isa = PBXFileReference; explicitFileType = wrapper.cfbundle; includeInIndex = 0; path = PresentMeUITests.xctest; sourceTree = BUILT_PRODUCTS_DIR; };
		5863895F2CA975E5005DD20E /* PresentMeUITests.swift */ = {isa = PBXFileReference; lastKnownFileType = sourcecode.swift; path = PresentMeUITests.swift; sourceTree = "<group>"; };
		586389612CA975E5005DD20E /* PresentMeUITestsLaunchTests.swift */ = {isa = PBXFileReference; lastKnownFileType = sourcecode.swift; path = PresentMeUITestsLaunchTests.swift; sourceTree = "<group>"; };
		5863896E2CA9769F005DD20E /* Maha.swift */ = {isa = PBXFileReference; lastKnownFileType = sourcecode.swift; path = Maha.swift; sourceTree = "<group>"; };
		586389702CA976B7005DD20E /* Wala.swift */ = {isa = PBXFileReference; lastKnownFileType = sourcecode.swift; path = Wala.swift; sourceTree = "<group>"; };
		586389722CA976C9005DD20E /* Sumayah.swift */ = {isa = PBXFileReference; lastKnownFileType = sourcecode.swift; path = Sumayah.swift; sourceTree = "<group>"; };
		586389742CA976DF005DD20E /* Alanoud.swift */ = {isa = PBXFileReference; lastKnownFileType = sourcecode.swift; path = Alanoud.swift; sourceTree = "<group>"; };
/* End PBXFileReference section */

/* Begin PBXFrameworksBuildPhase section */
		5863893E2CA975E4005DD20E /* Frameworks */ = {
			isa = PBXFrameworksBuildPhase;
			buildActionMask = 2147483647;
			files = (
			);
			runOnlyForDeploymentPostprocessing = 0;
		};
		5863894E2CA975E5005DD20E /* Frameworks */ = {
			isa = PBXFrameworksBuildPhase;
			buildActionMask = 2147483647;
			files = (
			);
			runOnlyForDeploymentPostprocessing = 0;
		};
		586389582CA975E5005DD20E /* Frameworks */ = {
			isa = PBXFrameworksBuildPhase;
			buildActionMask = 2147483647;
			files = (
			);
			runOnlyForDeploymentPostprocessing = 0;
		};
/* End PBXFrameworksBuildPhase section */

/* Begin PBXGroup section */
		586389382CA975E3005DD20E = {
			isa = PBXGroup;
			children = (
				586389432CA975E4005DD20E /* PresentMe */,
				586389542CA975E5005DD20E /* PresentMeTests */,
				5863895E2CA975E5005DD20E /* PresentMeUITests */,
				586389422CA975E4005DD20E /* Products */,
			);
			sourceTree = "<group>";
		};
		586389422CA975E4005DD20E /* Products */ = {
			isa = PBXGroup;
			children = (
				586389412CA975E4005DD20E /* PresentMe.app */,
				586389512CA975E5005DD20E /* PresentMeTests.xctest */,
				5863895B2CA975E5005DD20E /* PresentMeUITests.xctest */,
			);
			name = Products;
			sourceTree = "<group>";
		};
		586389432CA975E4005DD20E /* PresentMe */ = {
			isa = PBXGroup;
			children = (
				586389442CA975E4005DD20E /* PresentMeApp.swift */,
				586389462CA975E4005DD20E /* ContentView.swift */,
				5863896E2CA9769F005DD20E /* Maha.swift */,
				586389702CA976B7005DD20E /* Wala.swift */,
				586389722CA976C9005DD20E /* Sumayah.swift */,
				586389742CA976DF005DD20E /* Alanoud.swift */,
				586389482CA975E5005DD20E /* Assets.xcassets */,
				5863894A2CA975E5005DD20E /* Preview Content */,
			);
			path = PresentMe;
			sourceTree = "<group>";
		};
		5863894A2CA975E5005DD20E /* Preview Content */ = {
			isa = PBXGroup;
			children = (
				5863894B2CA975E5005DD20E /* Preview Assets.xcassets */,
			);
			path = "Preview Content";
			sourceTree = "<group>";
		};
		586389542CA975E5005DD20E /* PresentMeTests */ = {
			isa = PBXGroup;
			children = (
				586389552CA975E5005DD20E /* PresentMeTests.swift */,
			);
			path = PresentMeTests;
			sourceTree = "<group>";
		};
		5863895E2CA975E5005DD20E /* PresentMeUITests */ = {
			isa = PBXGroup;
			children = (
				5863895F2CA975E5005DD20E /* PresentMeUITests.swift */,
				586389612CA975E5005DD20E /* PresentMeUITestsLaunchTests.swift */,
			);
			path = PresentMeUITests;
			sourceTree = "<group>";
		};
/* End PBXGroup section */

/* Begin PBXNativeTarget section */
		586389402CA975E4005DD20E /* PresentMe */ = {
			isa = PBXNativeTarget;
			buildConfigurationList = 586389652CA975E5005DD20E /* Build configuration list for PBXNativeTarget "PresentMe" */;
			buildPhases = (
				5863893D2CA975E4005DD20E /* Sources */,
				5863893E2CA975E4005DD20E /* Frameworks */,
				5863893F2CA975E4005DD20E /* Resources */,
			);
			buildRules = (
			);
			dependencies = (
			);
			name = PresentMe;
			productName = PresentMe;
			productReference = 586389412CA975E4005DD20E /* PresentMe.app */;
			productType = "com.apple.product-type.application";
		};
		586389502CA975E5005DD20E /* PresentMeTests */ = {
			isa = PBXNativeTarget;
			buildConfigurationList = 586389682CA975E5005DD20E /* Build configuration list for PBXNativeTarget "PresentMeTests" */;
			buildPhases = (
				5863894D2CA975E5005DD20E /* Sources */,
				5863894E2CA975E5005DD20E /* Frameworks */,
				5863894F2CA975E5005DD20E /* Resources */,
			);
			buildRules = (
			);
			dependencies = (
				586389532CA975E5005DD20E /* PBXTargetDependency */,
			);
			name = PresentMeTests;
			productName = PresentMeTests;
			productReference = 586389512CA975E5005DD20E /* PresentMeTests.xctest */;
			productType = "com.apple.product-type.bundle.unit-test";
		};
		5863895A2CA975E5005DD20E /* PresentMeUITests */ = {
			isa = PBXNativeTarget;
			buildConfigurationList = 5863896B2CA975E5005DD20E /* Build configuration list for PBXNativeTarget "PresentMeUITests" */;
			buildPhases = (
				586389572CA975E5005DD20E /* Sources */,
				586389582CA975E5005DD20E /* Frameworks */,
				586389592CA975E5005DD20E /* Resources */,
			);
			buildRules = (
			);
			dependencies = (
				5863895D2CA975E5005DD20E /* PBXTargetDependency */,
			);
			name = PresentMeUITests;
			productName = PresentMeUITests;
			productReference = 5863895B2CA975E5005DD20E /* PresentMeUITests.xctest */;
			productType = "com.apple.product-type.bundle.ui-testing";
		};
/* End PBXNativeTarget section */

/* Begin PBXProject section */
		586389392CA975E3005DD20E /* Project object */ = {
			isa = PBXProject;
			attributes = {
				BuildIndependentTargetsInParallel = 1;
				LastSwiftUpdateCheck = 1540;
				LastUpgradeCheck = 1540;
				TargetAttributes = {
					586389402CA975E4005DD20E = {
						CreatedOnToolsVersion = 15.4;
					};
					586389502CA975E5005DD20E = {
						CreatedOnToolsVersion = 15.4;
						TestTargetID = 586389402CA975E4005DD20E;
					};
					5863895A2CA975E5005DD20E = {
						CreatedOnToolsVersion = 15.4;
						TestTargetID = 586389402CA975E4005DD20E;
					};
				};
			};
			buildConfigurationList = 5863893C2CA975E3005DD20E /* Build configuration list for PBXProject "PresentMe" */;
			compatibilityVersion = "Xcode 14.0";
			developmentRegion = en;
			hasScannedForEncodings = 0;
			knownRegions = (
				en,
				Base,
			);
			mainGroup = 586389382CA975E3005DD20E;
			productRefGroup = 586389422CA975E4005DD20E /* Products */;
			projectDirPath = "";
			projectRoot = "";
			targets = (
				586389402CA975E4005DD20E /* PresentMe */,
				586389502CA975E5005DD20E /* PresentMeTests */,
				5863895A2CA975E5005DD20E /* PresentMeUITests */,
			);
		};
/* End PBXProject section */

/* Begin PBXResourcesBuildPhase section */
		5863893F2CA975E4005DD20E /* Resources */ = {
			isa = PBXResourcesBuildPhase;
			buildActionMask = 2147483647;
			files = (
				5863894C2CA975E5005DD20E /* Preview Assets.xcassets in Resources */,
				586389492CA975E5005DD20E /* Assets.xcassets in Resources */,
			);
			runOnlyForDeploymentPostprocessing = 0;
		};
		5863894F2CA975E5005DD20E /* Resources */ = {
			isa = PBXResourcesBuildPhase;
			buildActionMask = 2147483647;
			files = (
			);
			runOnlyForDeploymentPostprocessing = 0;
		};
		586389592CA975E5005DD20E /* Resources */ = {
			isa = PBXResourcesBuildPhase;
			buildActionMask = 2147483647;
			files = (
			);
			runOnlyForDeploymentPostprocessing = 0;
		};
/* End PBXResourcesBuildPhase section */

/* Begin PBXSourcesBuildPhase section */
		5863893D2CA975E4005DD20E /* Sources */ = {
			isa = PBXSourcesBuildPhase;
			buildActionMask = 2147483647;
			files = (
				5863896F2CA9769F005DD20E /* Maha.swift in Sources */,
				586389472CA975E4005DD20E /* ContentView.swift in Sources */,
				586389732CA976C9005DD20E /* Sumayah.swift in Sources */,
				586389712CA976B7005DD20E /* Wala.swift in Sources */,
				586389752CA976DF005DD20E /* Alanoud.swift in Sources */,
				586389452CA975E4005DD20E /* PresentMeApp.swift in Sources */,
			);
			runOnlyForDeploymentPostprocessing = 0;
		};
		5863894D2CA975E5005DD20E /* Sources */ = {
			isa = PBXSourcesBuildPhase;
			buildActionMask = 2147483647;
			files = (
				586389562CA975E5005DD20E /* PresentMeTests.swift in Sources */,
			);
			runOnlyForDeploymentPostprocessing = 0;
		};
		586389572CA975E5005DD20E /* Sources */ = {
			isa = PBXSourcesBuildPhase;
			buildActionMask = 2147483647;
			files = (
				586389622CA975E5005DD20E /* PresentMeUITestsLaunchTests.swift in Sources */,
				586389602CA975E5005DD20E /* PresentMeUITests.swift in Sources */,
			);
			runOnlyForDeploymentPostprocessing = 0;
		};
/* End PBXSourcesBuildPhase section */

/* Begin PBXTargetDependency section */
		586389532CA975E5005DD20E /* PBXTargetDependency */ = {
			isa = PBXTargetDependency;
			target = 586389402CA975E4005DD20E /* PresentMe */;
			targetProxy = 586389522CA975E5005DD20E /* PBXContainerItemProxy */;
		};
		5863895D2CA975E5005DD20E /* PBXTargetDependency */ = {
			isa = PBXTargetDependency;
			target = 586389402CA975E4005DD20E /* PresentMe */;
			targetProxy = 5863895C2CA975E5005DD20E /* PBXContainerItemProxy */;
		};
/* End PBXTargetDependency section */

/* Begin XCBuildConfiguration section */
		586389632CA975E5005DD20E /* Debug */ = {
			isa = XCBuildConfiguration;
			buildSettings = {
				ALWAYS_SEARCH_USER_PATHS = NO;
				ASSETCATALOG_COMPILER_GENERATE_SWIFT_ASSET_SYMBOL_EXTENSIONS = YES;
				CLANG_ANALYZER_NONNULL = YES;
				CLANG_ANALYZER_NUMBER_OBJECT_CONVERSION = YES_AGGRESSIVE;
				CLANG_CXX_LANGUAGE_STANDARD = "gnu++20";
				CLANG_ENABLE_MODULES = YES;
				CLANG_ENABLE_OBJC_ARC = YES;
				CLANG_ENABLE_OBJC_WEAK = YES;
				CLANG_WARN_BLOCK_CAPTURE_AUTORELEASING = YES;
				CLANG_WARN_BOOL_CONVERSION = YES;
				CLANG_WARN_COMMA = YES;
				CLANG_WARN_CONSTANT_CONVERSION = YES;
				CLANG_WARN_DEPRECATED_OBJC_IMPLEMENTATIONS = YES;
				CLANG_WARN_DIRECT_OBJC_ISA_USAGE = YES_ERROR;
				CLANG_WARN_DOCUMENTATION_COMMENTS = YES;
				CLANG_WARN_EMPTY_BODY = YES;
				CLANG_WARN_ENUM_CONVERSION = YES;
				CLANG_WARN_INFINITE_RECURSION = YES;
				CLANG_WARN_INT_CONVERSION = YES;
				CLANG_WARN_NON_LITERAL_NULL_CONVERSION = YES;
				CLANG_WARN_OBJC_IMPLICIT_RETAIN_SELF = YES;
				CLANG_WARN_OBJC_LITERAL_CONVERSION = YES;
				CLANG_WARN_OBJC_ROOT_CLASS = YES_ERROR;
				CLANG_WARN_QUOTED_INCLUDE_IN_FRAMEWORK_HEADER = YES;
				CLANG_WARN_RANGE_LOOP_ANALYSIS = YES;
				CLANG_WARN_STRICT_PROTOTYPES = YES;
				CLANG_WARN_SUSPICIOUS_MOVE = YES;
				CLANG_WARN_UNGUARDED_AVAILABILITY = YES_AGGRESSIVE;
				CLANG_WARN_UNREACHABLE_CODE = YES;
				CLANG_WARN__DUPLICATE_METHOD_MATCH = YES;
				COPY_PHASE_STRIP = NO;
				DEBUG_INFORMATION_FORMAT = dwarf;
				ENABLE_STRICT_OBJC_MSGSEND = YES;
				ENABLE_TESTABILITY = YES;
				ENABLE_USER_SCRIPT_SANDBOXING = YES;
				GCC_C_LANGUAGE_STANDARD = gnu17;
				GCC_DYNAMIC_NO_PIC = NO;
				GCC_NO_COMMON_BLOCKS = YES;
				GCC_OPTIMIZATION_LEVEL = 0;
				GCC_PREPROCESSOR_DEFINITIONS = (
					"DEBUG=1",
					"$(inherited)",
				);
				GCC_WARN_64_TO_32_BIT_CONVERSION = YES;
				GCC_WARN_ABOUT_RETURN_TYPE = YES_ERROR;
				GCC_WARN_UNDECLARED_SELECTOR = YES;
				GCC_WARN_UNINITIALIZED_AUTOS = YES_AGGRESSIVE;
				GCC_WARN_UNUSED_FUNCTION = YES;
				GCC_WARN_UNUSED_VARIABLE = YES;
				IPHONEOS_DEPLOYMENT_TARGET = 17.5;
				LOCALIZATION_PREFERS_STRING_CATALOGS = YES;
				MTL_ENABLE_DEBUG_INFO = INCLUDE_SOURCE;
				MTL_FAST_MATH = YES;
				ONLY_ACTIVE_ARCH = YES;
				SDKROOT = iphoneos;
				SWIFT_ACTIVE_COMPILATION_CONDITIONS = "DEBUG $(inherited)";
				SWIFT_OPTIMIZATION_LEVEL = "-Onone";
			};
			name = Debug;
		};
		586389642CA975E5005DD20E /* Release */ = {
			isa = XCBuildConfiguration;
			buildSettings = {
				ALWAYS_SEARCH_USER_PATHS = NO;
				ASSETCATALOG_COMPILER_GENERATE_SWIFT_ASSET_SYMBOL_EXTENSIONS = YES;
				CLANG_ANALYZER_NONNULL = YES;
				CLANG_ANALYZER_NUMBER_OBJECT_CONVERSION = YES_AGGRESSIVE;
				CLANG_CXX_LANGUAGE_STANDARD = "gnu++20";
				CLANG_ENABLE_MODULES = YES;
				CLANG_ENABLE_OBJC_ARC = YES;
				CLANG_ENABLE_OBJC_WEAK = YES;
				CLANG_WARN_BLOCK_CAPTURE_AUTORELEASING = YES;
				CLANG_WARN_BOOL_CONVERSION = YES;
				CLANG_WARN_COMMA = YES;
				CLANG_WARN_CONSTANT_CONVERSION = YES;
				CLANG_WARN_DEPRECATED_OBJC_IMPLEMENTATIONS = YES;
				CLANG_WARN_DIRECT_OBJC_ISA_USAGE = YES_ERROR;
				CLANG_WARN_DOCUMENTATION_COMMENTS = YES;
				CLANG_WARN_EMPTY_BODY = YES;
				CLANG_WARN_ENUM_CONVERSION = YES;
				CLANG_WARN_INFINITE_RECURSION = YES;
				CLANG_WARN_INT_CONVERSION = YES;
				CLANG_WARN_NON_LITERAL_NULL_CONVERSION = YES;
				CLANG_WARN_OBJC_IMPLICIT_RETAIN_SELF = YES;
				CLANG_WARN_OBJC_LITERAL_CONVERSION = YES;
				CLANG_WARN_OBJC_ROOT_CLASS = YES_ERROR;
				CLANG_WARN_QUOTED_INCLUDE_IN_FRAMEWORK_HEADER = YES;
				CLANG_WARN_RANGE_LOOP_ANALYSIS = YES;
				CLANG_WARN_STRICT_PROTOTYPES = YES;
				CLANG_WARN_SUSPICIOUS_MOVE = YES;
				CLANG_WARN_UNGUARDED_AVAILABILITY = YES_AGGRESSIVE;
				CLANG_WARN_UNREACHABLE_CODE = YES;
				CLANG_WARN__DUPLICATE_METHOD_MATCH = YES;
				COPY_PHASE_STRIP = NO;
				DEBUG_INFORMATION_FORMAT = "dwarf-with-dsym";
				ENABLE_NS_ASSERTIONS = NO;
				ENABLE_STRICT_OBJC_MSGSEND = YES;
				ENABLE_USER_SCRIPT_SANDBOXING = YES;
				GCC_C_LANGUAGE_STANDARD = gnu17;
				GCC_NO_COMMON_BLOCKS = YES;
				GCC_WARN_64_TO_32_BIT_CONVERSION = YES;
				GCC_WARN_ABOUT_RETURN_TYPE = YES_ERROR;
				GCC_WARN_UNDECLARED_SELECTOR = YES;
				GCC_WARN_UNINITIALIZED_AUTOS = YES_AGGRESSIVE;
				GCC_WARN_UNUSED_FUNCTION = YES;
				GCC_WARN_UNUSED_VARIABLE = YES;
				IPHONEOS_DEPLOYMENT_TARGET = 17.5;
				LOCALIZATION_PREFERS_STRING_CATALOGS = YES;
				MTL_ENABLE_DEBUG_INFO = NO;
				MTL_FAST_MATH = YES;
				SDKROOT = iphoneos;
				SWIFT_COMPILATION_MODE = wholemodule;
				VALIDATE_PRODUCT = YES;
			};
			name = Release;
		};
		586389662CA975E5005DD20E /* Debug */ = {
			isa = XCBuildConfiguration;
			buildSettings = {
				ASSETCATALOG_COMPILER_APPICON_NAME = AppIcon;
				ASSETCATALOG_COMPILER_GLOBAL_ACCENT_COLOR_NAME = AccentColor;
				CODE_SIGN_STYLE = Automatic;
				CURRENT_PROJECT_VERSION = 1;
				DEVELOPMENT_ASSET_PATHS = "\"PresentMe/Preview Content\"";
				ENABLE_PREVIEWS = YES;
				GENERATE_INFOPLIST_FILE = YES;
				INFOPLIST_KEY_UIApplicationSceneManifest_Generation = YES;
				INFOPLIST_KEY_UIApplicationSupportsIndirectInputEvents = YES;
				INFOPLIST_KEY_UILaunchScreen_Generation = YES;
				INFOPLIST_KEY_UISupportedInterfaceOrientations_iPad = "UIInterfaceOrientationPortrait UIInterfaceOrientationPortraitUpsideDown UIInterfaceOrientationLandscapeLeft UIInterfaceOrientationLandscapeRight";
				INFOPLIST_KEY_UISupportedInterfaceOrientations_iPhone = "UIInterfaceOrientationPortrait UIInterfaceOrientationLandscapeLeft UIInterfaceOrientationLandscapeRight";
				LD_RUNPATH_SEARCH_PATHS = (
					"$(inherited)",
					"@executable_path/Frameworks",
				);
				MARKETING_VERSION = 1.0;
				PRODUCT_BUNDLE_IDENTIFIER = smayah.PresentMe;
				PRODUCT_NAME = "$(TARGET_NAME)";
				SWIFT_EMIT_LOC_STRINGS = YES;
				SWIFT_VERSION = 5.0;
				TARGETED_DEVICE_FAMILY = "1,2";
			};
			name = Debug;
		};
		586389672CA975E5005DD20E /* Release */ = {
			isa = XCBuildConfiguration;
			buildSettings = {
				ASSETCATALOG_COMPILER_APPICON_NAME = AppIcon;
				ASSETCATALOG_COMPILER_GLOBAL_ACCENT_COLOR_NAME = AccentColor;
				CODE_SIGN_STYLE = Automatic;
				CURRENT_PROJECT_VERSION = 1;
				DEVELOPMENT_ASSET_PATHS = "\"PresentMe/Preview Content\"";
				ENABLE_PREVIEWS = YES;
				GENERATE_INFOPLIST_FILE = YES;
				INFOPLIST_KEY_UIApplicationSceneManifest_Generation = YES;
				INFOPLIST_KEY_UIApplicationSupportsIndirectInputEvents = YES;
				INFOPLIST_KEY_UILaunchScreen_Generation = YES;
				INFOPLIST_KEY_UISupportedInterfaceOrientations_iPad = "UIInterfaceOrientationPortrait UIInterfaceOrientationPortraitUpsideDown UIInterfaceOrientationLandscapeLeft UIInterfaceOrientationLandscapeRight";
				INFOPLIST_KEY_UISupportedInterfaceOrientations_iPhone = "UIInterfaceOrientationPortrait UIInterfaceOrientationLandscapeLeft UIInterfaceOrientationLandscapeRight";
				LD_RUNPATH_SEARCH_PATHS = (
					"$(inherited)",
					"@executable_path/Frameworks",
				);
				MARKETING_VERSION = 1.0;
				PRODUCT_BUNDLE_IDENTIFIER = smayah.PresentMe;
				PRODUCT_NAME = "$(TARGET_NAME)";
				SWIFT_EMIT_LOC_STRINGS = YES;
				SWIFT_VERSION = 5.0;
				TARGETED_DEVICE_FAMILY = "1,2";
			};
			name = Release;
		};
		586389692CA975E5005DD20E /* Debug */ = {
			isa = XCBuildConfiguration;
			buildSettings = {
				ALWAYS_EMBED_SWIFT_STANDARD_LIBRARIES = YES;
				BUNDLE_LOADER = "$(TEST_HOST)";
				CODE_SIGN_STYLE = Automatic;
				CURRENT_PROJECT_VERSION = 1;
				GENERATE_INFOPLIST_FILE = YES;
				IPHONEOS_DEPLOYMENT_TARGET = 17.5;
				MARKETING_VERSION = 1.0;
				PRODUCT_BUNDLE_IDENTIFIER = smayah.PresentMeTests;
				PRODUCT_NAME = "$(TARGET_NAME)";
				SWIFT_EMIT_LOC_STRINGS = NO;
				SWIFT_VERSION = 5.0;
				TARGETED_DEVICE_FAMILY = "1,2";
				TEST_HOST = "$(BUILT_PRODUCTS_DIR)/PresentMe.app/$(BUNDLE_EXECUTABLE_FOLDER_PATH)/PresentMe";
			};
			name = Debug;
		};
		5863896A2CA975E5005DD20E /* Release */ = {
			isa = XCBuildConfiguration;
			buildSettings = {
				ALWAYS_EMBED_SWIFT_STANDARD_LIBRARIES = YES;
				BUNDLE_LOADER = "$(TEST_HOST)";
				CODE_SIGN_STYLE = Automatic;
				CURRENT_PROJECT_VERSION = 1;
				GENERATE_INFOPLIST_FILE = YES;
				IPHONEOS_DEPLOYMENT_TARGET = 17.5;
				MARKETING_VERSION = 1.0;
				PRODUCT_BUNDLE_IDENTIFIER = smayah.PresentMeTests;
				PRODUCT_NAME = "$(TARGET_NAME)";
				SWIFT_EMIT_LOC_STRINGS = NO;
				SWIFT_VERSION = 5.0;
				TARGETED_DEVICE_FAMILY = "1,2";
				TEST_HOST = "$(BUILT_PRODUCTS_DIR)/PresentMe.app/$(BUNDLE_EXECUTABLE_FOLDER_PATH)/PresentMe";
			};
			name = Release;
		};
		5863896C2CA975E5005DD20E /* Debug */ = {
			isa = XCBuildConfiguration;
			buildSettings = {
				ALWAYS_EMBED_SWIFT_STANDARD_LIBRARIES = YES;
				CODE_SIGN_STYLE = Automatic;
				CURRENT_PROJECT_VERSION = 1;
				GENERATE_INFOPLIST_FILE = YES;
				MARKETING_VERSION = 1.0;
				PRODUCT_BUNDLE_IDENTIFIER = smayah.PresentMeUITests;
				PRODUCT_NAME = "$(TARGET_NAME)";
				SWIFT_EMIT_LOC_STRINGS = NO;
				SWIFT_VERSION = 5.0;
				TARGETED_DEVICE_FAMILY = "1,2";
				TEST_TARGET_NAME = PresentMe;
			};
			name = Debug;
		};
		5863896D2CA975E5005DD20E /* Release */ = {
			isa = XCBuildConfiguration;
			buildSettings = {
				ALWAYS_EMBED_SWIFT_STANDARD_LIBRARIES = YES;
				CODE_SIGN_STYLE = Automatic;
				CURRENT_PROJECT_VERSION = 1;
				GENERATE_INFOPLIST_FILE = YES;
				MARKETING_VERSION = 1.0;
				PRODUCT_BUNDLE_IDENTIFIER = smayah.PresentMeUITests;
				PRODUCT_NAME = "$(TARGET_NAME)";
				SWIFT_EMIT_LOC_STRINGS = NO;
				SWIFT_VERSION = 5.0;
				TARGETED_DEVICE_FAMILY = "1,2";
				TEST_TARGET_NAME = PresentMe;
			};
			name = Release;
		};
/* End XCBuildConfiguration section */

/* Begin XCConfigurationList section */
		5863893C2CA975E3005DD20E /* Build configuration list for PBXProject "PresentMe" */ = {
			isa = XCConfigurationList;
			buildConfigurations = (
				586389632CA975E5005DD20E /* Debug */,
				586389642CA975E5005DD20E /* Release */,
			);
			defaultConfigurationIsVisible = 0;
			defaultConfigurationName = Release;
		};
		586389652CA975E5005DD20E /* Build configuration list for PBXNativeTarget "PresentMe" */ = {
			isa = XCConfigurationList;
			buildConfigurations = (
				586389662CA975E5005DD20E /* Debug */,
				586389672CA975E5005DD20E /* Release */,
			);
			defaultConfigurationIsVisible = 0;
			defaultConfigurationName = Release;
		};
		586389682CA975E5005DD20E /* Build configuration list for PBXNativeTarget "PresentMeTests" */ = {
			isa = XCConfigurationList;
			buildConfigurations = (
				586389692CA975E5005DD20E /* Debug */,
				5863896A2CA975E5005DD20E /* Release */,
			);
			defaultConfigurationIsVisible = 0;
			defaultConfigurationName = Release;
		};
		5863896B2CA975E5005DD20E /* Build configuration list for PBXNativeTarget "PresentMeUITests" */ = {
			isa = XCConfigurationList;
			buildConfigurations = (
				5863896C2CA975E5005DD20E /* Debug */,
				5863896D2CA975E5005DD20E /* Release */,
			);
			defaultConfigurationIsVisible = 0;
			defaultConfigurationName = Release;
		};
/* End XCConfigurationList section */
	};
	rootObject = 586389392CA975E3005DD20E /* Project object */;
}
